
Microsoft Visual Studio Solution File, Format Version 12.00
# Visual Studio 15
VisualStudioVersion = 15.0.28307.960
MinimumVisualStudioVersion = 10.0.40219.1
Project("{FAE04EC0-301F-11D3-BF4B-00C04F79EFBC}") = "Yasli", "Yasli\Yasli.csproj", "{65223924-B947-44FB-B7B4-CA7EED63DCE4}"
EndProject
Global
	GlobalSection(SolutionConfigurationPlatforms) = preSolution
		Debug|Any CPU = Debug|Any CPU
		Release|Any CPU = Release|Any CPU
	EndGlobalSection
	GlobalSection(ProjectConfigurationPlatforms) = postSolution
		{65223924-B947-44FB-B7B4-CA7EED63DCE4}.Debug|Any CPU.ActiveCfg = Debug|Any CPU
		{65223924-B947-44FB-B7B4-CA7EED63DCE4}.Debug|Any CPU.Build.0 = Debug|Any CPU
		{65223924-B947-44FB-B7B4-CA7EED63DCE4}.Release|Any CPU.ActiveCfg = Release|Any CPU
		{65223924-B947-44FB-B7B4-CA7EED63DCE4}.Release|Any CPU.Build.0 = Release|Any CPU
	EndGlobalSection
	GlobalSection(SolutionProperties) = preSolution
		HideSolutionNode = FALSE
	EndGlobalSection
	GlobalSection(ExtensibilityGlobals) = postSolution
		SolutionGuid = {A4AEB58D-997F-4122-8D71-EF5A110FF777}
	EndGlobalSection
EndGlobal
